# This file is generated by running "yarn install" inside your project.
# Manual changes might be lost - proceed with caution!

__metadata:
  version: 6

"browser-extension-bypass-paywalls@workspace:.":
  version: 0.0.0-use.local
  resolution: "browser-extension-bypass-paywalls@workspace:."
  languageName: unknown
  linkType: soft
